
Microsoft Visual Studio Solution File, Format Version 12.00
# Visual Studio Version 17
VisualStudioVersion = 17.1.31903.286
MinimumVisualStudioVersion = 10.0.40219.1
Project("{2150E333-8FDC-42A3-9474-1A3956D46DE8}") = "ExtensionLibrary", "ExtensionLibrary", "{E33D5613-78BC-4967-B7C8-C6DF9DF63F3B}"
EndProject
Project("{9A19103F-16F7-4668-BE54-9A1E7A4F7556}") = "Common.ExtensionLibrary", "Common.ExtensionLibrary\Common.ExtensionLibrary.csproj", "{30E18672-1D95-4736-9FD4-CF307C78CEDE}"
EndProject
Project("{9A19103F-16F7-4668-BE54-9A1E7A4F7556}") = "Common.ExtensionLibrary.Tests", "Common.ExtensionLibrary.Tests\Common.ExtensionLibrary.Tests.csproj", "{E0D17C77-FEE3-4004-8F8F-DD39E107B0E6}"
	ProjectSection(ProjectDependencies) = postProject
		{30E18672-1D95-4736-9FD4-CF307C78CEDE} = {30E18672-1D95-4736-9FD4-CF307C78CEDE}
	EndProjectSection
EndProject
Project("{2150E333-8FDC-42A3-9474-1A3956D46DE8}") = "Solution Items", "Solution Items", "{57D1B3F1-2A51-490E-9902-6FAFC18292C3}"
	ProjectSection(SolutionItems) = preProject
		.editorconfig = .editorconfig
	EndProjectSection
EndProject
Project("{2150E333-8FDC-42A3-9474-1A3956D46DE8}") = "DataStructures", "DataStructures", "{0A2E414C-A92C-487D-AD0B-D6BF97C93EFA}"
EndProject
Project("{9A19103F-16F7-4668-BE54-9A1E7A4F7556}") = "Common.DataStructures", "Common.DataStructures\Common.DataStructures.csproj", "{F67E9C6E-6807-44D9-B075-0A3A2F86F03E}"
	ProjectSection(ProjectDependencies) = postProject
		{30E18672-1D95-4736-9FD4-CF307C78CEDE} = {30E18672-1D95-4736-9FD4-CF307C78CEDE}
	EndProjectSection
EndProject
Project("{9A19103F-16F7-4668-BE54-9A1E7A4F7556}") = "Common.DataStructures.Tests", "Common.DataStructures.Tests\Common.DataStructures.Tests.csproj", "{178B7554-0403-40D0-8B15-48A19D5478DB}"
	ProjectSection(ProjectDependencies) = postProject
		{F67E9C6E-6807-44D9-B075-0A3A2F86F03E} = {F67E9C6E-6807-44D9-B075-0A3A2F86F03E}
	EndProjectSection
EndProject
Project("{2150E333-8FDC-42A3-9474-1A3956D46DE8}") = "Algorithms", "Algorithms", "{F05172EA-5E03-4B23-A9EB-C2D39C4F99D3}"
EndProject
Project("{9A19103F-16F7-4668-BE54-9A1E7A4F7556}") = "Common.Algorithms", "Common.Algorithms\Common.Algorithms.csproj", "{6D5638AD-F096-4922-B706-7899308377D3}"
EndProject
Project("{9A19103F-16F7-4668-BE54-9A1E7A4F7556}") = "Common.Algorithms.Tests", "Common.Algorithms.Tests\Common.Algorithms.Tests.csproj", "{3976D8C8-C41D-4D18-8671-0A277F221E1C}"
EndProject
Project("{2150E333-8FDC-42A3-9474-1A3956D46DE8}") = "DesignPatterns", "DesignPatterns", "{AF64914F-0F7F-4E02-9605-649CE988FF85}"
EndProject
Project("{9A19103F-16F7-4668-BE54-9A1E7A4F7556}") = "Common.DesignPatterns", "Common.DesignPatterns\Common.DesignPatterns.csproj", "{705D54ED-0ECE-458B-9AF2-453BC08FE016}"
EndProject
Project("{9A19103F-16F7-4668-BE54-9A1E7A4F7556}") = "Common.DesignPatterns.Tests", "Common.DesignPatterns.Tests\Common.DesignPatterns.Tests.csproj", "{8B20E15E-0B8F-4EC4-B9A8-0E95CD6182EF}"
EndProject
Project("{2150E333-8FDC-42A3-9474-1A3956D46DE8}") = "Data", "Data", "{E0E9BEC5-A32E-4F3E-AFDF-700D9DF8F691}"
EndProject
Project("{FAE04EC0-301F-11D3-BF4B-00C04F79EFBC}") = "Common.Data", "Common.Data\Common.Data.csproj", "{111E4A82-6C2A-4EF7-B8B0-DEE51567F87A}"
EndProject
Project("{FAE04EC0-301F-11D3-BF4B-00C04F79EFBC}") = "Common.Data.Tests", "Common.Data.Tests\Common.Data.Tests.csproj", "{113CEF40-F018-4AAE-A0FB-B7C7146D540E}"
EndProject
Global
	GlobalSection(SolutionConfigurationPlatforms) = preSolution
		Debug|Any CPU = Debug|Any CPU
		Release|Any CPU = Release|Any CPU
	EndGlobalSection
	GlobalSection(ProjectConfigurationPlatforms) = postSolution
		{30E18672-1D95-4736-9FD4-CF307C78CEDE}.Debug|Any CPU.ActiveCfg = Debug|Any CPU
		{30E18672-1D95-4736-9FD4-CF307C78CEDE}.Debug|Any CPU.Build.0 = Debug|Any CPU
		{30E18672-1D95-4736-9FD4-CF307C78CEDE}.Release|Any CPU.ActiveCfg = Release|Any CPU
		{30E18672-1D95-4736-9FD4-CF307C78CEDE}.Release|Any CPU.Build.0 = Release|Any CPU
		{E0D17C77-FEE3-4004-8F8F-DD39E107B0E6}.Debug|Any CPU.ActiveCfg = Debug|Any CPU
		{E0D17C77-FEE3-4004-8F8F-DD39E107B0E6}.Debug|Any CPU.Build.0 = Debug|Any CPU
		{E0D17C77-FEE3-4004-8F8F-DD39E107B0E6}.Release|Any CPU.ActiveCfg = Release|Any CPU
		{E0D17C77-FEE3-4004-8F8F-DD39E107B0E6}.Release|Any CPU.Build.0 = Release|Any CPU
		{F67E9C6E-6807-44D9-B075-0A3A2F86F03E}.Debug|Any CPU.ActiveCfg = Debug|Any CPU
		{F67E9C6E-6807-44D9-B075-0A3A2F86F03E}.Debug|Any CPU.Build.0 = Debug|Any CPU
		{F67E9C6E-6807-44D9-B075-0A3A2F86F03E}.Release|Any CPU.ActiveCfg = Release|Any CPU
		{F67E9C6E-6807-44D9-B075-0A3A2F86F03E}.Release|Any CPU.Build.0 = Release|Any CPU
		{178B7554-0403-40D0-8B15-48A19D5478DB}.Debug|Any CPU.ActiveCfg = Debug|Any CPU
		{178B7554-0403-40D0-8B15-48A19D5478DB}.Debug|Any CPU.Build.0 = Debug|Any CPU
		{178B7554-0403-40D0-8B15-48A19D5478DB}.Release|Any CPU.ActiveCfg = Release|Any CPU
		{178B7554-0403-40D0-8B15-48A19D5478DB}.Release|Any CPU.Build.0 = Release|Any CPU
		{6D5638AD-F096-4922-B706-7899308377D3}.Debug|Any CPU.ActiveCfg = Debug|Any CPU
		{6D5638AD-F096-4922-B706-7899308377D3}.Debug|Any CPU.Build.0 = Debug|Any CPU
		{6D5638AD-F096-4922-B706-7899308377D3}.Release|Any CPU.ActiveCfg = Release|Any CPU
		{6D5638AD-F096-4922-B706-7899308377D3}.Release|Any CPU.Build.0 = Release|Any CPU
		{3976D8C8-C41D-4D18-8671-0A277F221E1C}.Debug|Any CPU.ActiveCfg = Debug|Any CPU
		{3976D8C8-C41D-4D18-8671-0A277F221E1C}.Debug|Any CPU.Build.0 = Debug|Any CPU
		{3976D8C8-C41D-4D18-8671-0A277F221E1C}.Release|Any CPU.ActiveCfg = Release|Any CPU
		{3976D8C8-C41D-4D18-8671-0A277F221E1C}.Release|Any CPU.Build.0 = Release|Any CPU
		{705D54ED-0ECE-458B-9AF2-453BC08FE016}.Debug|Any CPU.ActiveCfg = Debug|Any CPU
		{705D54ED-0ECE-458B-9AF2-453BC08FE016}.Debug|Any CPU.Build.0 = Debug|Any CPU
		{705D54ED-0ECE-458B-9AF2-453BC08FE016}.Release|Any CPU.ActiveCfg = Release|Any CPU
		{705D54ED-0ECE-458B-9AF2-453BC08FE016}.Release|Any CPU.Build.0 = Release|Any CPU
		{8B20E15E-0B8F-4EC4-B9A8-0E95CD6182EF}.Debug|Any CPU.ActiveCfg = Debug|Any CPU
		{8B20E15E-0B8F-4EC4-B9A8-0E95CD6182EF}.Debug|Any CPU.Build.0 = Debug|Any CPU
		{8B20E15E-0B8F-4EC4-B9A8-0E95CD6182EF}.Release|Any CPU.ActiveCfg = Release|Any CPU
		{8B20E15E-0B8F-4EC4-B9A8-0E95CD6182EF}.Release|Any CPU.Build.0 = Release|Any CPU
		{111E4A82-6C2A-4EF7-B8B0-DEE51567F87A}.Debug|Any CPU.ActiveCfg = Debug|Any CPU
		{111E4A82-6C2A-4EF7-B8B0-DEE51567F87A}.Debug|Any CPU.Build.0 = Debug|Any CPU
		{111E4A82-6C2A-4EF7-B8B0-DEE51567F87A}.Release|Any CPU.ActiveCfg = Release|Any CPU
		{111E4A82-6C2A-4EF7-B8B0-DEE51567F87A}.Release|Any CPU.Build.0 = Release|Any CPU
		{113CEF40-F018-4AAE-A0FB-B7C7146D540E}.Debug|Any CPU.ActiveCfg = Debug|Any CPU
		{113CEF40-F018-4AAE-A0FB-B7C7146D540E}.Debug|Any CPU.Build.0 = Debug|Any CPU
		{113CEF40-F018-4AAE-A0FB-B7C7146D540E}.Release|Any CPU.ActiveCfg = Release|Any CPU
		{113CEF40-F018-4AAE-A0FB-B7C7146D540E}.Release|Any CPU.Build.0 = Release|Any CPU
	EndGlobalSection
	GlobalSection(SolutionProperties) = preSolution
		HideSolutionNode = FALSE
	EndGlobalSection
	GlobalSection(NestedProjects) = preSolution
		{30E18672-1D95-4736-9FD4-CF307C78CEDE} = {E33D5613-78BC-4967-B7C8-C6DF9DF63F3B}
		{E0D17C77-FEE3-4004-8F8F-DD39E107B0E6} = {E33D5613-78BC-4967-B7C8-C6DF9DF63F3B}
		{F67E9C6E-6807-44D9-B075-0A3A2F86F03E} = {0A2E414C-A92C-487D-AD0B-D6BF97C93EFA}
		{178B7554-0403-40D0-8B15-48A19D5478DB} = {0A2E414C-A92C-487D-AD0B-D6BF97C93EFA}
		{6D5638AD-F096-4922-B706-7899308377D3} = {F05172EA-5E03-4B23-A9EB-C2D39C4F99D3}
		{3976D8C8-C41D-4D18-8671-0A277F221E1C} = {F05172EA-5E03-4B23-A9EB-C2D39C4F99D3}
		{705D54ED-0ECE-458B-9AF2-453BC08FE016} = {AF64914F-0F7F-4E02-9605-649CE988FF85}
		{8B20E15E-0B8F-4EC4-B9A8-0E95CD6182EF} = {AF64914F-0F7F-4E02-9605-649CE988FF85}
		{111E4A82-6C2A-4EF7-B8B0-DEE51567F87A} = {E0E9BEC5-A32E-4F3E-AFDF-700D9DF8F691}
		{113CEF40-F018-4AAE-A0FB-B7C7146D540E} = {E0E9BEC5-A32E-4F3E-AFDF-700D9DF8F691}
	EndGlobalSection
	GlobalSection(ExtensibilityGlobals) = postSolution
		SolutionGuid = {2B8F24A2-BA84-45CB-8550-6CC0F80EDDDC}
	EndGlobalSection
EndGlobal
